// !$*UTF8*$!
{
	archiveVersion = 1;
	classes = {
	};
	objectVersion = 56;
	objects = {

/* Begin PBXBuildFile section */
		FB68C6B12B7523A7007F4BD8 /* AwesomeJsonApp.swift in Sources */ = {isa = PBXBuildFile; fileRef = FB68C6B02B7523A7007F4BD8 /* AwesomeJsonApp.swift */; };
		FB68C6B32B7523A7007F4BD8 /* ContentView.swift in Sources */ = {isa = PBXBuildFile; fileRef = FB68C6B22B7523A7007F4BD8 /* ContentView.swift */; };
		FB68C6B52B7523A8007F4BD8 /* Assets.xcassets in Resources */ = {isa = PBXBuildFile; fileRef = FB68C6B42B7523A8007F4BD8 /* Assets.xcassets */; };
		FB68C6B92B7523A8007F4BD8 /* Preview Assets.xcassets in Resources */ = {isa = PBXBuildFile; fileRef = FB68C6B82B7523A8007F4BD8 /* Preview Assets.xcassets */; };
		FB68C6C32B7523A9007F4BD8 /* AwesomeJsonTests.swift in Sources */ = {isa = PBXBuildFile; fileRef = FB68C6C22B7523A9007F4BD8 /* AwesomeJsonTests.swift */; };
		FB68C6CD2B7523A9007F4BD8 /* AwesomeJsonUITests.swift in Sources */ = {isa = PBXBuildFile; fileRef = FB68C6CC2B7523A9007F4BD8 /* AwesomeJsonUITests.swift */; };
		FB68C6CF2B7523A9007F4BD8 /* AwesomeJsonUITestsLaunchTests.swift in Sources */ = {isa = PBXBuildFile; fileRef = FB68C6CE2B7523A9007F4BD8 /* AwesomeJsonUITestsLaunchTests.swift */; };
/* End PBXBuildFile section */

/* Begin PBXContainerItemProxy section */
		FB68C6BF2B7523A9007F4BD8 /* PBXContainerItemProxy */ = {
			isa = PBXContainerItemProxy;
			containerPortal = FB68C6A52B7523A7007F4BD8 /* Project object */;
			proxyType = 1;
			remoteGlobalIDString = FB68C6AC2B7523A7007F4BD8;
			remoteInfo = AwesomeJson;
		};
		FB68C6C92B7523A9007F4BD8 /* PBXContainerItemProxy */ = {
			isa = PBXContainerItemProxy;
			containerPortal = FB68C6A52B7523A7007F4BD8 /* Project object */;
			proxyType = 1;
			remoteGlobalIDString = FB68C6AC2B7523A7007F4BD8;
			remoteInfo = AwesomeJson;
		};
/* End PBXContainerItemProxy section */

/* Begin PBXFileReference section */
		FB68C6AD2B7523A7007F4BD8 /* AwesomeJson.app */ = {isa = PBXFileReference; explicitFileType = wrapper.application; includeInIndex = 0; path = AwesomeJson.app; sourceTree = BUILT_PRODUCTS_DIR; };
		FB68C6B02B7523A7007F4BD8 /* AwesomeJsonApp.swift */ = {isa = PBXFileReference; lastKnownFileType = sourcecode.swift; path = AwesomeJsonApp.swift; sourceTree = "<group>"; };
		FB68C6B22B7523A7007F4BD8 /* ContentView.swift */ = {isa = PBXFileReference; lastKnownFileType = sourcecode.swift; path = ContentView.swift; sourceTree = "<group>"; };
		FB68C6B42B7523A8007F4BD8 /* Assets.xcassets */ = {isa = PBXFileReference; lastKnownFileType = folder.assetcatalog; path = Assets.xcassets; sourceTree = "<group>"; };
		FB68C6B62B7523A8007F4BD8 /* AwesomeJson.entitlements */ = {isa = PBXFileReference; lastKnownFileType = text.plist.entitlements; path = AwesomeJson.entitlements; sourceTree = "<group>"; };
		FB68C6B82B7523A8007F4BD8 /* Preview Assets.xcassets */ = {isa = PBXFileReference; lastKnownFileType = folder.assetcatalog; path = "Preview Assets.xcassets"; sourceTree = "<group>"; };
		FB68C6BE2B7523A9007F4BD8 /* AwesomeJsonTests.xctest */ = {isa = PBXFileReference; explicitFileType = wrapper.cfbundle; includeInIndex = 0; path = AwesomeJsonTests.xctest; sourceTree = BUILT_PRODUCTS_DIR; };
		FB68C6C22B7523A9007F4BD8 /* AwesomeJsonTests.swift */ = {isa = PBXFileReference; lastKnownFileType = sourcecode.swift; path = AwesomeJsonTests.swift; sourceTree = "<group>"; };
		FB68C6C82B7523A9007F4BD8 /* AwesomeJsonUITests.xctest */ = {isa = PBXFileReference; explicitFileType = wrapper.cfbundle; includeInIndex = 0; path = AwesomeJsonUITests.xctest; sourceTree = BUILT_PRODUCTS_DIR; };
		FB68C6CC2B7523A9007F4BD8 /* AwesomeJsonUITests.swift */ = {isa = PBXFileReference; lastKnownFileType = sourcecode.swift; path = AwesomeJsonUITests.swift; sourceTree = "<group>"; };
		FB68C6CE2B7523A9007F4BD8 /* AwesomeJsonUITestsLaunchTests.swift */ = {isa = PBXFileReference; lastKnownFileType = sourcecode.swift; path = AwesomeJsonUITestsLaunchTests.swift; sourceTree = "<group>"; };
/* End PBXFileReference section */

/* Begin PBXFrameworksBuildPhase section */
		FB68C6AA2B7523A7007F4BD8 /* Frameworks */ = {
			isa = PBXFrameworksBuildPhase;
			buildActionMask = 2147483647;
			files = (
			);
			runOnlyForDeploymentPostprocessing = 0;
		};
		FB68C6BB2B7523A9007F4BD8 /* Frameworks */ = {
			isa = PBXFrameworksBuildPhase;
			buildActionMask = 2147483647;
			files = (
			);
			runOnlyForDeploymentPostprocessing = 0;
		};
		FB68C6C52B7523A9007F4BD8 /* Frameworks */ = {
			isa = PBXFrameworksBuildPhase;
			buildActionMask = 2147483647;
			files = (
			);
			runOnlyForDeploymentPostprocessing = 0;
		};
/* End PBXFrameworksBuildPhase section */

/* Begin PBXGroup section */
		FB68C6A42B7523A7007F4BD8 = {
			isa = PBXGroup;
			children = (
				FB68C6AF2B7523A7007F4BD8 /* AwesomeJson */,
				FB68C6C12B7523A9007F4BD8 /* AwesomeJsonTests */,
				FB68C6CB2B7523A9007F4BD8 /* AwesomeJsonUITests */,
				FB68C6AE2B7523A7007F4BD8 /* Products */,
			);
			sourceTree = "<group>";
		};
		FB68C6AE2B7523A7007F4BD8 /* Products */ = {
			isa = PBXGroup;
			children = (
				FB68C6AD2B7523A7007F4BD8 /* AwesomeJson.app */,
				FB68C6BE2B7523A9007F4BD8 /* AwesomeJsonTests.xctest */,
				FB68C6C82B7523A9007F4BD8 /* AwesomeJsonUITests.xctest */,
			);
			name = Products;
			sourceTree = "<group>";
		};
		FB68C6AF2B7523A7007F4BD8 /* AwesomeJson */ = {
			isa = PBXGroup;
			children = (
				FB68C6B02B7523A7007F4BD8 /* AwesomeJsonApp.swift */,
				FB68C6B22B7523A7007F4BD8 /* ContentView.swift */,
				FB68C6B42B7523A8007F4BD8 /* Assets.xcassets */,
				FB68C6B62B7523A8007F4BD8 /* AwesomeJson.entitlements */,
				FB68C6B72B7523A8007F4BD8 /* Preview Content */,
			);
			path = AwesomeJson;
			sourceTree = "<group>";
		};
		FB68C6B72B7523A8007F4BD8 /* Preview Content */ = {
			isa = PBXGroup;
			children = (
				FB68C6B82B7523A8007F4BD8 /* Preview Assets.xcassets */,
			);
			path = "Preview Content";
			sourceTree = "<group>";
		};
		FB68C6C12B7523A9007F4BD8 /* AwesomeJsonTests */ = {
			isa = PBXGroup;
			children = (
				FB68C6C22B7523A9007F4BD8 /* AwesomeJsonTests.swift */,
			);
			path = AwesomeJsonTests;
			sourceTree = "<group>";
		};
		FB68C6CB2B7523A9007F4BD8 /* AwesomeJsonUITests */ = {
			isa = PBXGroup;
			children = (
				FB68C6CC2B7523A9007F4BD8 /* AwesomeJsonUITests.swift */,
				FB68C6CE2B7523A9007F4BD8 /* AwesomeJsonUITestsLaunchTests.swift */,
			);
			path = AwesomeJsonUITests;
			sourceTree = "<group>";
		};
/* End PBXGroup section */

/* Begin PBXNativeTarget section */
		FB68C6AC2B7523A7007F4BD8 /* AwesomeJson */ = {
			isa = PBXNativeTarget;
			buildConfigurationList = FB68C6D22B7523A9007F4BD8 /* Build configuration list for PBXNativeTarget "AwesomeJson" */;
			buildPhases = (
				FB68C6A92B7523A7007F4BD8 /* Sources */,
				FB68C6AA2B7523A7007F4BD8 /* Frameworks */,
				FB68C6AB2B7523A7007F4BD8 /* Resources */,
			);
			buildRules = (
			);
			dependencies = (
			);
			name = AwesomeJson;
			productName = AwesomeJson;
			productReference = FB68C6AD2B7523A7007F4BD8 /* AwesomeJson.app */;
			productType = "com.apple.product-type.application";
		};
		FB68C6BD2B7523A9007F4BD8 /* AwesomeJsonTests */ = {
			isa = PBXNativeTarget;
			buildConfigurationList = FB68C6D52B7523A9007F4BD8 /* Build configuration list for PBXNativeTarget "AwesomeJsonTests" */;
			buildPhases = (
				FB68C6BA2B7523A9007F4BD8 /* Sources */,
				FB68C6BB2B7523A9007F4BD8 /* Frameworks */,
				FB68C6BC2B7523A9007F4BD8 /* Resources */,
			);
			buildRules = (
			);
			dependencies = (
				FB68C6C02B7523A9007F4BD8 /* PBXTargetDependency */,
			);
			name = AwesomeJsonTests;
			productName = AwesomeJsonTests;
			productReference = FB68C6BE2B7523A9007F4BD8 /* AwesomeJsonTests.xctest */;
			productType = "com.apple.product-type.bundle.unit-test";
		};
		FB68C6C72B7523A9007F4BD8 /* AwesomeJsonUITests */ = {
			isa = PBXNativeTarget;
			buildConfigurationList = FB68C6D82B7523A9007F4BD8 /* Build configuration list for PBXNativeTarget "AwesomeJsonUITests" */;
			buildPhases = (
				FB68C6C42B7523A9007F4BD8 /* Sources */,
				FB68C6C52B7523A9007F4BD8 /* Frameworks */,
				FB68C6C62B7523A9007F4BD8 /* Resources */,
			);
			buildRules = (
			);
			dependencies = (
				FB68C6CA2B7523A9007F4BD8 /* PBXTargetDependency */,
			);
			name = AwesomeJsonUITests;
			productName = AwesomeJsonUITests;
			productReference = FB68C6C82B7523A9007F4BD8 /* AwesomeJsonUITests.xctest */;
			productType = "com.apple.product-type.bundle.ui-testing";
		};
/* End PBXNativeTarget section */

/* Begin PBXProject section */
		FB68C6A52B7523A7007F4BD8 /* Project object */ = {
			isa = PBXProject;
			attributes = {
				BuildIndependentTargetsInParallel = 1;
				LastSwiftUpdateCheck = 1520;
				LastUpgradeCheck = 1520;
				TargetAttributes = {
					FB68C6AC2B7523A7007F4BD8 = {
						CreatedOnToolsVersion = 15.2;
					};
					FB68C6BD2B7523A9007F4BD8 = {
						CreatedOnToolsVersion = 15.2;
						TestTargetID = FB68C6AC2B7523A7007F4BD8;
					};
					FB68C6C72B7523A9007F4BD8 = {
						CreatedOnToolsVersion = 15.2;
						TestTargetID = FB68C6AC2B7523A7007F4BD8;
					};
				};
			};
			buildConfigurationList = FB68C6A82B7523A7007F4BD8 /* Build configuration list for PBXProject "AwesomeJson" */;
			compatibilityVersion = "Xcode 14.0";
			developmentRegion = en;
			hasScannedForEncodings = 0;
			knownRegions = (
				en,
				Base,
			);
			mainGroup = FB68C6A42B7523A7007F4BD8;
			productRefGroup = FB68C6AE2B7523A7007F4BD8 /* Products */;
			projectDirPath = "";
			projectRoot = "";
			targets = (
				FB68C6AC2B7523A7007F4BD8 /* AwesomeJson */,
				FB68C6BD2B7523A9007F4BD8 /* AwesomeJsonTests */,
				FB68C6C72B7523A9007F4BD8 /* AwesomeJsonUITests */,
			);
		};
/* End PBXProject section */

/* Begin PBXResourcesBuildPhase section */
		FB68C6AB2B7523A7007F4BD8 /* Resources */ = {
			isa = PBXResourcesBuildPhase;
			buildActionMask = 2147483647;
			files = (
				FB68C6B92B7523A8007F4BD8 /* Preview Assets.xcassets in Resources */,
				FB68C6B52B7523A8007F4BD8 /* Assets.xcassets in Resources */,
			);
			runOnlyForDeploymentPostprocessing = 0;
		};
		FB68C6BC2B7523A9007F4BD8 /* Resources */ = {
			isa = PBXResourcesBuildPhase;
			buildActionMask = 2147483647;
			files = (
			);
			runOnlyForDeploymentPostprocessing = 0;
		};
		FB68C6C62B7523A9007F4BD8 /* Resources */ = {
			isa = PBXResourcesBuildPhase;
			buildActionMask = 2147483647;
			files = (
			);
			runOnlyForDeploymentPostprocessing = 0;
		};
/* End PBXResourcesBuildPhase section */

/* Begin PBXSourcesBuildPhase section */
		FB68C6A92B7523A7007F4BD8 /* Sources */ = {
			isa = PBXSourcesBuildPhase;
			buildActionMask = 2147483647;
			files = (
				FB68C6B32B7523A7007F4BD8 /* ContentView.swift in Sources */,
				FB68C6B12B7523A7007F4BD8 /* AwesomeJsonApp.swift in Sources */,
			);
			runOnlyForDeploymentPostprocessing = 0;
		};
		FB68C6BA2B7523A9007F4BD8 /* Sources */ = {
			isa = PBXSourcesBuildPhase;
			buildActionMask = 2147483647;
			files = (
				FB68C6C32B7523A9007F4BD8 /* AwesomeJsonTests.swift in Sources */,
			);
			runOnlyForDeploymentPostprocessing = 0;
		};
		FB68C6C42B7523A9007F4BD8 /* Sources */ = {
			isa = PBXSourcesBuildPhase;
			buildActionMask = 2147483647;
			files = (
				FB68C6CF2B7523A9007F4BD8 /* AwesomeJsonUITestsLaunchTests.swift in Sources */,
				FB68C6CD2B7523A9007F4BD8 /* AwesomeJsonUITests.swift in Sources */,
			);
			runOnlyForDeploymentPostprocessing = 0;
		};
/* End PBXSourcesBuildPhase section */

/* Begin PBXTargetDependency section */
		FB68C6C02B7523A9007F4BD8 /* PBXTargetDependency */ = {
			isa = PBXTargetDependency;
			target = FB68C6AC2B7523A7007F4BD8 /* AwesomeJson */;
			targetProxy = FB68C6BF2B7523A9007F4BD8 /* PBXContainerItemProxy */;
		};
		FB68C6CA2B7523A9007F4BD8 /* PBXTargetDependency */ = {
			isa = PBXTargetDependency;
			target = FB68C6AC2B7523A7007F4BD8 /* AwesomeJson */;
			targetProxy = FB68C6C92B7523A9007F4BD8 /* PBXContainerItemProxy */;
		};
/* End PBXTargetDependency section */

/* Begin XCBuildConfiguration section */
		FB68C6D02B7523A9007F4BD8 /* Debug */ = {
			isa = XCBuildConfiguration;
			buildSettings = {
				ALWAYS_SEARCH_USER_PATHS = NO;
				ASSETCATALOG_COMPILER_GENERATE_SWIFT_ASSET_SYMBOL_EXTENSIONS = YES;
				CLANG_ANALYZER_NONNULL = YES;
				CLANG_ANALYZER_NUMBER_OBJECT_CONVERSION = YES_AGGRESSIVE;
				CLANG_CXX_LANGUAGE_STANDARD = "gnu++20";
				CLANG_ENABLE_MODULES = YES;
				CLANG_ENABLE_OBJC_ARC = YES;
				CLANG_ENABLE_OBJC_WEAK = YES;
				CLANG_WARN_BLOCK_CAPTURE_AUTORELEASING = YES;
				CLANG_WARN_BOOL_CONVERSION = YES;
				CLANG_WARN_COMMA = YES;
				CLANG_WARN_CONSTANT_CONVERSION = YES;
				CLANG_WARN_DEPRECATED_OBJC_IMPLEMENTATIONS = YES;
				CLANG_WARN_DIRECT_OBJC_ISA_USAGE = YES_ERROR;
				CLANG_WARN_DOCUMENTATION_COMMENTS = YES;
				CLANG_WARN_EMPTY_BODY = YES;
				CLANG_WARN_ENUM_CONVERSION = YES;
				CLANG_WARN_INFINITE_RECURSION = YES;
				CLANG_WARN_INT_CONVERSION = YES;
				CLANG_WARN_NON_LITERAL_NULL_CONVERSION = YES;
				CLANG_WARN_OBJC_IMPLICIT_RETAIN_SELF = YES;
				CLANG_WARN_OBJC_LITERAL_CONVERSION = YES;
				CLANG_WARN_OBJC_ROOT_CLASS = YES_ERROR;
				CLANG_WARN_QUOTED_INCLUDE_IN_FRAMEWORK_HEADER = YES;
				CLANG_WARN_RANGE_LOOP_ANALYSIS = YES;
				CLANG_WARN_STRICT_PROTOTYPES = YES;
				CLANG_WARN_SUSPICIOUS_MOVE = YES;
				CLANG_WARN_UNGUARDED_AVAILABILITY = YES_AGGRESSIVE;
				CLANG_WARN_UNREACHABLE_CODE = YES;
				CLANG_WARN__DUPLICATE_METHOD_MATCH = YES;
				COPY_PHASE_STRIP = NO;
				DEBUG_INFORMATION_FORMAT = dwarf;
				ENABLE_STRICT_OBJC_MSGSEND = YES;
				ENABLE_TESTABILITY = YES;
				ENABLE_USER_SCRIPT_SANDBOXING = YES;
				GCC_C_LANGUAGE_STANDARD = gnu17;
				GCC_DYNAMIC_NO_PIC = NO;
				GCC_NO_COMMON_BLOCKS = YES;
				GCC_OPTIMIZATION_LEVEL = 0;
				GCC_PREPROCESSOR_DEFINITIONS = (
					"DEBUG=1",
					"$(inherited)",
				);
				GCC_WARN_64_TO_32_BIT_CONVERSION = YES;
				GCC_WARN_ABOUT_RETURN_TYPE = YES_ERROR;
				GCC_WARN_UNDECLARED_SELECTOR = YES;
				GCC_WARN_UNINITIALIZED_AUTOS = YES_AGGRESSIVE;
				GCC_WARN_UNUSED_FUNCTION = YES;
				GCC_WARN_UNUSED_VARIABLE = YES;
				LOCALIZATION_PREFERS_STRING_CATALOGS = YES;
				MTL_ENABLE_DEBUG_INFO = INCLUDE_SOURCE;
				MTL_FAST_MATH = YES;
				ONLY_ACTIVE_ARCH = YES;
				SWIFT_ACTIVE_COMPILATION_CONDITIONS = "DEBUG $(inherited)";
				SWIFT_OPTIMIZATION_LEVEL = "-Onone";
			};
			name = Debug;
		};
		FB68C6D12B7523A9007F4BD8 /* Release */ = {
			isa = XCBuildConfiguration;
			buildSettings = {
				ALWAYS_SEARCH_USER_PATHS = NO;
				ASSETCATALOG_COMPILER_GENERATE_SWIFT_ASSET_SYMBOL_EXTENSIONS = YES;
				CLANG_ANALYZER_NONNULL = YES;
				CLANG_ANALYZER_NUMBER_OBJECT_CONVERSION = YES_AGGRESSIVE;
				CLANG_CXX_LANGUAGE_STANDARD = "gnu++20";
				CLANG_ENABLE_MODULES = YES;
				CLANG_ENABLE_OBJC_ARC = YES;
				CLANG_ENABLE_OBJC_WEAK = YES;
				CLANG_WARN_BLOCK_CAPTURE_AUTORELEASING = YES;
				CLANG_WARN_BOOL_CONVERSION = YES;
				CLANG_WARN_COMMA = YES;
				CLANG_WARN_CONSTANT_CONVERSION = YES;
				CLANG_WARN_DEPRECATED_OBJC_IMPLEMENTATIONS = YES;
				CLANG_WARN_DIRECT_OBJC_ISA_USAGE = YES_ERROR;
				CLANG_WARN_DOCUMENTATION_COMMENTS = YES;
				CLANG_WARN_EMPTY_BODY = YES;
				CLANG_WARN_ENUM_CONVERSION = YES;
				CLANG_WARN_INFINITE_RECURSION = YES;
				CLANG_WARN_INT_CONVERSION = YES;
				CLANG_WARN_NON_LITERAL_NULL_CONVERSION = YES;
				CLANG_WARN_OBJC_IMPLICIT_RETAIN_SELF = YES;
				CLANG_WARN_OBJC_LITERAL_CONVERSION = YES;
				CLANG_WARN_OBJC_ROOT_CLASS = YES_ERROR;
				CLANG_WARN_QUOTED_INCLUDE_IN_FRAMEWORK_HEADER = YES;
				CLANG_WARN_RANGE_LOOP_ANALYSIS = YES;
				CLANG_WARN_STRICT_PROTOTYPES = YES;
				CLANG_WARN_SUSPICIOUS_MOVE = YES;
				CLANG_WARN_UNGUARDED_AVAILABILITY = YES_AGGRESSIVE;
				CLANG_WARN_UNREACHABLE_CODE = YES;
				CLANG_WARN__DUPLICATE_METHOD_MATCH = YES;
				COPY_PHASE_STRIP = NO;
				DEBUG_INFORMATION_FORMAT = "dwarf-with-dsym";
				ENABLE_NS_ASSERTIONS = NO;
				ENABLE_STRICT_OBJC_MSGSEND = YES;
				ENABLE_USER_SCRIPT_SANDBOXING = YES;
				GCC_C_LANGUAGE_STANDARD = gnu17;
				GCC_NO_COMMON_BLOCKS = YES;
				GCC_WARN_64_TO_32_BIT_CONVERSION = YES;
				GCC_WARN_ABOUT_RETURN_TYPE = YES_ERROR;
				GCC_WARN_UNDECLARED_SELECTOR = YES;
				GCC_WARN_UNINITIALIZED_AUTOS = YES_AGGRESSIVE;
				GCC_WARN_UNUSED_FUNCTION = YES;
				GCC_WARN_UNUSED_VARIABLE = YES;
				LOCALIZATION_PREFERS_STRING_CATALOGS = YES;
				MTL_ENABLE_DEBUG_INFO = NO;
				MTL_FAST_MATH = YES;
				SWIFT_COMPILATION_MODE = wholemodule;
			};
			name = Release;
		};
		FB68C6D32B7523A9007F4BD8 /* Debug */ = {
			isa = XCBuildConfiguration;
			buildSettings = {
				ASSETCATALOG_COMPILER_APPICON_NAME = AppIcon;
				ASSETCATALOG_COMPILER_GLOBAL_ACCENT_COLOR_NAME = AccentColor;
				CODE_SIGN_ENTITLEMENTS = AwesomeJson/AwesomeJson.entitlements;
				CODE_SIGN_STYLE = Automatic;
				CURRENT_PROJECT_VERSION = 1;
				DEVELOPMENT_ASSET_PATHS = "\"AwesomeJson/Preview Content\"";
				DEVELOPMENT_TEAM = RZ652J9C7G;
				ENABLE_HARDENED_RUNTIME = YES;
				ENABLE_PREVIEWS = YES;
				GENERATE_INFOPLIST_FILE = YES;
				"INFOPLIST_KEY_UIApplicationSceneManifest_Generation[sdk=iphoneos*]" = YES;
				"INFOPLIST_KEY_UIApplicationSceneManifest_Generation[sdk=iphonesimulator*]" = YES;
				"INFOPLIST_KEY_UIApplicationSupportsIndirectInputEvents[sdk=iphoneos*]" = YES;
				"INFOPLIST_KEY_UIApplicationSupportsIndirectInputEvents[sdk=iphonesimulator*]" = YES;
				"INFOPLIST_KEY_UILaunchScreen_Generation[sdk=iphoneos*]" = YES;
				"INFOPLIST_KEY_UILaunchScreen_Generation[sdk=iphonesimulator*]" = YES;
				"INFOPLIST_KEY_UIStatusBarStyle[sdk=iphoneos*]" = UIStatusBarStyleDefault;
				"INFOPLIST_KEY_UIStatusBarStyle[sdk=iphonesimulator*]" = UIStatusBarStyleDefault;
				INFOPLIST_KEY_UISupportedInterfaceOrientations_iPad = "UIInterfaceOrientationPortrait UIInterfaceOrientationPortraitUpsideDown UIInterfaceOrientationLandscapeLeft UIInterfaceOrientationLandscapeRight";
				INFOPLIST_KEY_UISupportedInterfaceOrientations_iPhone = "UIInterfaceOrientationPortrait UIInterfaceOrientationLandscapeLeft UIInterfaceOrientationLandscapeRight";
				IPHONEOS_DEPLOYMENT_TARGET = 17.2;
				LD_RUNPATH_SEARCH_PATHS = "@executable_path/Frameworks";
				"LD_RUNPATH_SEARCH_PATHS[sdk=macosx*]" = "@executable_path/../Frameworks";
				MACOSX_DEPLOYMENT_TARGET = 14.2;
				MARKETING_VERSION = 1.0;
				PRODUCT_BUNDLE_IDENTIFIER = personal.AwesomeJson;
				PRODUCT_NAME = "$(TARGET_NAME)";
				SDKROOT = auto;
				SUPPORTED_PLATFORMS = "iphoneos iphonesimulator macosx";
				SWIFT_EMIT_LOC_STRINGS = YES;
				SWIFT_VERSION = 5.0;
				TARGETED_DEVICE_FAMILY = "1,2";
			};
			name = Debug;
		};
		FB68C6D42B7523A9007F4BD8 /* Release */ = {
			isa = XCBuildConfiguration;
			buildSettings = {
				ASSETCATALOG_COMPILER_APPICON_NAME = AppIcon;
				ASSETCATALOG_COMPILER_GLOBAL_ACCENT_COLOR_NAME = AccentColor;
				CODE_SIGN_ENTITLEMENTS = AwesomeJson/AwesomeJson.entitlements;
				CODE_SIGN_STYLE = Automatic;
				CURRENT_PROJECT_VERSION = 1;
				DEVELOPMENT_ASSET_PATHS = "\"AwesomeJson/Preview Content\"";
				DEVELOPMENT_TEAM = RZ652J9C7G;
				ENABLE_HARDENED_RUNTIME = YES;
				ENABLE_PREVIEWS = YES;
				GENERATE_INFOPLIST_FILE = YES;
				"INFOPLIST_KEY_UIApplicationSceneManifest_Generation[sdk=iphoneos*]" = YES;
				"INFOPLIST_KEY_UIApplicationSceneManifest_Generation[sdk=iphonesimulator*]" = YES;
				"INFOPLIST_KEY_UIApplicationSupportsIndirectInputEvents[sdk=iphoneos*]" = YES;
				"INFOPLIST_KEY_UIApplicationSupportsIndirectInputEvents[sdk=iphonesimulator*]" = YES;
				"INFOPLIST_KEY_UILaunchScreen_Generation[sdk=iphoneos*]" = YES;
				"INFOPLIST_KEY_UILaunchScreen_Generation[sdk=iphonesimulator*]" = YES;
				"INFOPLIST_KEY_UIStatusBarStyle[sdk=iphoneos*]" = UIStatusBarStyleDefault;
				"INFOPLIST_KEY_UIStatusBarStyle[sdk=iphonesimulator*]" = UIStatusBarStyleDefault;
				INFOPLIST_KEY_UISupportedInterfaceOrientations_iPad = "UIInterfaceOrientationPortrait UIInterfaceOrientationPortraitUpsideDown UIInterfaceOrientationLandscapeLeft UIInterfaceOrientationLandscapeRight";
				INFOPLIST_KEY_UISupportedInterfaceOrientations_iPhone = "UIInterfaceOrientationPortrait UIInterfaceOrientationLandscapeLeft UIInterfaceOrientationLandscapeRight";
				IPHONEOS_DEPLOYMENT_TARGET = 17.2;
				LD_RUNPATH_SEARCH_PATHS = "@executable_path/Frameworks";
				"LD_RUNPATH_SEARCH_PATHS[sdk=macosx*]" = "@executable_path/../Frameworks";
				MACOSX_DEPLOYMENT_TARGET = 14.2;
				MARKETING_VERSION = 1.0;
				PRODUCT_BUNDLE_IDENTIFIER = personal.AwesomeJson;
				PRODUCT_NAME = "$(TARGET_NAME)";
				SDKROOT = auto;
				SUPPORTED_PLATFORMS = "iphoneos iphonesimulator macosx";
				SWIFT_EMIT_LOC_STRINGS = YES;
				SWIFT_VERSION = 5.0;
				TARGETED_DEVICE_FAMILY = "1,2";
			};
			name = Release;
		};
		FB68C6D62B7523A9007F4BD8 /* Debug */ = {
			isa = XCBuildConfiguration;
			buildSettings = {
				ALWAYS_EMBED_SWIFT_STANDARD_LIBRARIES = YES;
				BUNDLE_LOADER = "$(TEST_HOST)";
				CODE_SIGN_STYLE = Automatic;
				CURRENT_PROJECT_VERSION = 1;
				DEVELOPMENT_TEAM = RZ652J9C7G;
				GENERATE_INFOPLIST_FILE = YES;
				IPHONEOS_DEPLOYMENT_TARGET = 17.2;
				MACOSX_DEPLOYMENT_TARGET = 14.2;
				MARKETING_VERSION = 1.0;
				PRODUCT_BUNDLE_IDENTIFIER = personal.AwesomeJsonTests;
				PRODUCT_NAME = "$(TARGET_NAME)";
				SDKROOT = auto;
				SUPPORTED_PLATFORMS = "iphoneos iphonesimulator macosx";
				SWIFT_EMIT_LOC_STRINGS = NO;
				SWIFT_VERSION = 5.0;
				TARGETED_DEVICE_FAMILY = "1,2";
				TEST_HOST = "$(BUILT_PRODUCTS_DIR)/AwesomeJson.app/$(BUNDLE_EXECUTABLE_FOLDER_PATH)/AwesomeJson";
			};
			name = Debug;
		};
		FB68C6D72B7523A9007F4BD8 /* Release */ = {
			isa = XCBuildConfiguration;
			buildSettings = {
				ALWAYS_EMBED_SWIFT_STANDARD_LIBRARIES = YES;
				BUNDLE_LOADER = "$(TEST_HOST)";
				CODE_SIGN_STYLE = Automatic;
				CURRENT_PROJECT_VERSION = 1;
				DEVELOPMENT_TEAM = RZ652J9C7G;
				GENERATE_INFOPLIST_FILE = YES;
				IPHONEOS_DEPLOYMENT_TARGET = 17.2;
				MACOSX_DEPLOYMENT_TARGET = 14.2;
				MARKETING_VERSION = 1.0;
				PRODUCT_BUNDLE_IDENTIFIER = personal.AwesomeJsonTests;
				PRODUCT_NAME = "$(TARGET_NAME)";
				SDKROOT = auto;
				SUPPORTED_PLATFORMS = "iphoneos iphonesimulator macosx";
				SWIFT_EMIT_LOC_STRINGS = NO;
				SWIFT_VERSION = 5.0;
				TARGETED_DEVICE_FAMILY = "1,2";
				TEST_HOST = "$(BUILT_PRODUCTS_DIR)/AwesomeJson.app/$(BUNDLE_EXECUTABLE_FOLDER_PATH)/AwesomeJson";
			};
			name = Release;
		};
		FB68C6D92B7523A9007F4BD8 /* Debug */ = {
			isa = XCBuildConfiguration;
			buildSettings = {
				ALWAYS_EMBED_SWIFT_STANDARD_LIBRARIES = YES;
				CODE_SIGN_STYLE = Automatic;
				CURRENT_PROJECT_VERSION = 1;
				DEVELOPMENT_TEAM = RZ652J9C7G;
				GENERATE_INFOPLIST_FILE = YES;
				IPHONEOS_DEPLOYMENT_TARGET = 17.2;
				MACOSX_DEPLOYMENT_TARGET = 14.2;
				MARKETING_VERSION = 1.0;
				PRODUCT_BUNDLE_IDENTIFIER = personal.AwesomeJsonUITests;
				PRODUCT_NAME = "$(TARGET_NAME)";
				SDKROOT = auto;
				SUPPORTED_PLATFORMS = "iphoneos iphonesimulator macosx";
				SWIFT_EMIT_LOC_STRINGS = NO;
				SWIFT_VERSION = 5.0;
				TARGETED_DEVICE_FAMILY = "1,2";
				TEST_TARGET_NAME = AwesomeJson;
			};
			name = Debug;
		};
		FB68C6DA2B7523A9007F4BD8 /* Release */ = {
			isa = XCBuildConfiguration;
			buildSettings = {
				ALWAYS_EMBED_SWIFT_STANDARD_LIBRARIES = YES;
				CODE_SIGN_STYLE = Automatic;
				CURRENT_PROJECT_VERSION = 1;
				DEVELOPMENT_TEAM = RZ652J9C7G;
				GENERATE_INFOPLIST_FILE = YES;
				IPHONEOS_DEPLOYMENT_TARGET = 17.2;
				MACOSX_DEPLOYMENT_TARGET = 14.2;
				MARKETING_VERSION = 1.0;
				PRODUCT_BUNDLE_IDENTIFIER = personal.AwesomeJsonUITests;
				PRODUCT_NAME = "$(TARGET_NAME)";
				SDKROOT = auto;
				SUPPORTED_PLATFORMS = "iphoneos iphonesimulator macosx";
				SWIFT_EMIT_LOC_STRINGS = NO;
				SWIFT_VERSION = 5.0;
				TARGETED_DEVICE_FAMILY = "1,2";
				TEST_TARGET_NAME = AwesomeJson;
			};
			name = Release;
		};
/* End XCBuildConfiguration section */

/* Begin XCConfigurationList section */
		FB68C6A82B7523A7007F4BD8 /* Build configuration list for PBXProject "AwesomeJson" */ = {
			isa = XCConfigurationList;
			buildConfigurations = (
				FB68C6D02B7523A9007F4BD8 /* Debug */,
				FB68C6D12B7523A9007F4BD8 /* Release */,
			);
			defaultConfigurationIsVisible = 0;
			defaultConfigurationName = Release;
		};
		FB68C6D22B7523A9007F4BD8 /* Build configuration list for PBXNativeTarget "AwesomeJson" */ = {
			isa = XCConfigurationList;
			buildConfigurations = (
				FB68C6D32B7523A9007F4BD8 /* Debug */,
				FB68C6D42B7523A9007F4BD8 /* Release */,
			);
			defaultConfigurationIsVisible = 0;
			defaultConfigurationName = Release;
		};
		FB68C6D52B7523A9007F4BD8 /* Build configuration list for PBXNativeTarget "AwesomeJsonTests" */ = {
			isa = XCConfigurationList;
			buildConfigurations = (
				FB68C6D62B7523A9007F4BD8 /* Debug */,
				FB68C6D72B7523A9007F4BD8 /* Release */,
			);
			defaultConfigurationIsVisible = 0;
			defaultConfigurationName = Release;
		};
		FB68C6D82B7523A9007F4BD8 /* Build configuration list for PBXNativeTarget "AwesomeJsonUITests" */ = {
			isa = XCConfigurationList;
			buildConfigurations = (
				FB68C6D92B7523A9007F4BD8 /* Debug */,
				FB68C6DA2B7523A9007F4BD8 /* Release */,
			);
			defaultConfigurationIsVisible = 0;
			defaultConfigurationName = Release;
		};
/* End XCConfigurationList section */
	};
	rootObject = FB68C6A52B7523A7007F4BD8 /* Project object */;
}
